
Microsoft Visual Studio Solution File, Format Version 12.00
# Visual Studio Version 17
VisualStudioVersion = 17.14.36127.28 d17.14
MinimumVisualStudioVersion = 10.0.40219.1
Project("{FAE04EC0-301F-11D3-BF4B-00C04F79EFBC}") = "StudentApi", "StudentApi\StudentApi.csproj", "{29C64C23-5416-400C-908B-465D09CCDBE7}"
EndProject
Global
	GlobalSection(SolutionConfigurationPlatforms) = preSolution
		Debug|Any CPU = Debug|Any CPU
		Release|Any CPU = Release|Any CPU
	EndGlobalSection
	GlobalSection(ProjectConfigurationPlatforms) = postSolution
		{29C64C23-5416-400C-908B-465D09CCDBE7}.Debug|Any CPU.ActiveCfg = Debug|Any CPU
		{29C64C23-5416-400C-908B-465D09CCDBE7}.Debug|Any CPU.Build.0 = Debug|Any CPU
		{29C64C23-5416-400C-908B-465D09CCDBE7}.Release|Any CPU.ActiveCfg = Release|Any CPU
		{29C64C23-5416-400C-908B-465D09CCDBE7}.Release|Any CPU.Build.0 = Release|Any CPU
	EndGlobalSection
	GlobalSection(SolutionProperties) = preSolution
		HideSolutionNode = FALSE
	EndGlobalSection
	GlobalSection(ExtensibilityGlobals) = postSolution
		SolutionGuid = {C61F2167-D8A8-42CA-9321-A1E63348D1E2}
	EndGlobalSection
EndGlobal
